
Microsoft Visual Studio Solution File, Format Version 12.00
# Visual Studio Version 16
VisualStudioVersion = 16.0.29806.167
MinimumVisualStudioVersion = 10.0.40219.1
Project("{FAE04EC0-301F-11D3-BF4B-00C04F79EFBC}") = "InsertarPendienteDePagos", "InsertarPendienteDePagos\InsertarPendienteDePagos.csproj", "{5C697023-FDF3-41E5-900B-C1D653F23E86}"
EndProject
Project("{FAE04EC0-301F-11D3-BF4B-00C04F79EFBC}") = "ConsultarPendienteDePagos", "ConsultarPendienteDePagos\ConsultarPendienteDePagos.csproj", "{A3672859-B3AB-4AAC-9286-AA5507470E3D}"
EndProject
Project("{FAE04EC0-301F-11D3-BF4B-00C04F79EFBC}") = "PagarCompra", "PagarCompra\PagarCompra.csproj", "{06012314-5277-40A2-B35F-D38D4B6DF754}"
EndProject
Global
	GlobalSection(SolutionConfigurationPlatforms) = preSolution
		Debug|Any CPU = Debug|Any CPU
		Release|Any CPU = Release|Any CPU
	EndGlobalSection
	GlobalSection(ProjectConfigurationPlatforms) = postSolution
		{5C697023-FDF3-41E5-900B-C1D653F23E86}.Debug|Any CPU.ActiveCfg = Debug|Any CPU
		{5C697023-FDF3-41E5-900B-C1D653F23E86}.Debug|Any CPU.Build.0 = Debug|Any CPU
		{5C697023-FDF3-41E5-900B-C1D653F23E86}.Release|Any CPU.ActiveCfg = Release|Any CPU
		{5C697023-FDF3-41E5-900B-C1D653F23E86}.Release|Any CPU.Build.0 = Release|Any CPU
		{A3672859-B3AB-4AAC-9286-AA5507470E3D}.Debug|Any CPU.ActiveCfg = Debug|Any CPU
		{A3672859-B3AB-4AAC-9286-AA5507470E3D}.Debug|Any CPU.Build.0 = Debug|Any CPU
		{A3672859-B3AB-4AAC-9286-AA5507470E3D}.Release|Any CPU.ActiveCfg = Release|Any CPU
		{A3672859-B3AB-4AAC-9286-AA5507470E3D}.Release|Any CPU.Build.0 = Release|Any CPU
		{06012314-5277-40A2-B35F-D38D4B6DF754}.Debug|Any CPU.ActiveCfg = Debug|Any CPU
		{06012314-5277-40A2-B35F-D38D4B6DF754}.Debug|Any CPU.Build.0 = Debug|Any CPU
		{06012314-5277-40A2-B35F-D38D4B6DF754}.Release|Any CPU.ActiveCfg = Release|Any CPU
		{06012314-5277-40A2-B35F-D38D4B6DF754}.Release|Any CPU.Build.0 = Release|Any CPU
	EndGlobalSection
	GlobalSection(SolutionProperties) = preSolution
		HideSolutionNode = FALSE
	EndGlobalSection
	GlobalSection(ExtensibilityGlobals) = postSolution
		SolutionGuid = {7B82489C-4E59-490C-9BBF-BE0011D1B279}
	EndGlobalSection
EndGlobal
